
Microsoft Visual Studio Solution File, Format Version 12.00
# Visual Studio Version 17
VisualStudioVersion = 17.11.35327.3
MinimumVisualStudioVersion = 10.0.40219.1
Project("{9A19103F-16F7-4668-BE54-9A1E7A4F7556}") = "WebApi", "WebApi\WebApi.csproj", "{DEC39B14-924F-408C-87AD-FC943F0BCBD4}"
EndProject
Project("{9A19103F-16F7-4668-BE54-9A1E7A4F7556}") = "DataAccessLayer", "DataAccessLayer\DataAccessLayer.csproj", "{36BDDD15-5B8A-404B-BBE2-F72A01AB453D}"
EndProject
Project("{9A19103F-16F7-4668-BE54-9A1E7A4F7556}") = "BusinessLayer", "BusinessLayer\BusinessLayer.csproj", "{8FABC58A-50B7-4253-8670-5A52522D5C0D}"
EndProject
Project("{9A19103F-16F7-4668-BE54-9A1E7A4F7556}") = "DbApp", "DbApp\DbApp.csproj", "{641ACCBD-9EAB-4233-851E-4BD77DA056A9}"
EndProject
Project("{2150E333-8FDC-42A3-9474-1A3956D46DE8}") = "Solution Items", "Solution Items", "{949C0B26-8DB6-4DD4-AA61-90D04A299B3B}"
	ProjectSection(SolutionItems) = preProject
		.gitignore = .gitignore
	EndProjectSection
EndProject
Global
	GlobalSection(SolutionConfigurationPlatforms) = preSolution
		Debug|Any CPU = Debug|Any CPU
		Release|Any CPU = Release|Any CPU
	EndGlobalSection
	GlobalSection(ProjectConfigurationPlatforms) = postSolution
		{DEC39B14-924F-408C-87AD-FC943F0BCBD4}.Debug|Any CPU.ActiveCfg = Debug|Any CPU
		{DEC39B14-924F-408C-87AD-FC943F0BCBD4}.Debug|Any CPU.Build.0 = Debug|Any CPU
		{DEC39B14-924F-408C-87AD-FC943F0BCBD4}.Release|Any CPU.ActiveCfg = Release|Any CPU
		{DEC39B14-924F-408C-87AD-FC943F0BCBD4}.Release|Any CPU.Build.0 = Release|Any CPU
		{36BDDD15-5B8A-404B-BBE2-F72A01AB453D}.Debug|Any CPU.ActiveCfg = Debug|Any CPU
		{36BDDD15-5B8A-404B-BBE2-F72A01AB453D}.Debug|Any CPU.Build.0 = Debug|Any CPU
		{36BDDD15-5B8A-404B-BBE2-F72A01AB453D}.Release|Any CPU.ActiveCfg = Release|Any CPU
		{36BDDD15-5B8A-404B-BBE2-F72A01AB453D}.Release|Any CPU.Build.0 = Release|Any CPU
		{8FABC58A-50B7-4253-8670-5A52522D5C0D}.Debug|Any CPU.ActiveCfg = Debug|Any CPU
		{8FABC58A-50B7-4253-8670-5A52522D5C0D}.Debug|Any CPU.Build.0 = Debug|Any CPU
		{8FABC58A-50B7-4253-8670-5A52522D5C0D}.Release|Any CPU.ActiveCfg = Release|Any CPU
		{8FABC58A-50B7-4253-8670-5A52522D5C0D}.Release|Any CPU.Build.0 = Release|Any CPU
		{641ACCBD-9EAB-4233-851E-4BD77DA056A9}.Debug|Any CPU.ActiveCfg = Debug|Any CPU
		{641ACCBD-9EAB-4233-851E-4BD77DA056A9}.Debug|Any CPU.Build.0 = Debug|Any CPU
		{641ACCBD-9EAB-4233-851E-4BD77DA056A9}.Release|Any CPU.ActiveCfg = Release|Any CPU
		{641ACCBD-9EAB-4233-851E-4BD77DA056A9}.Release|Any CPU.Build.0 = Release|Any CPU
	EndGlobalSection
	GlobalSection(SolutionProperties) = preSolution
		HideSolutionNode = FALSE
	EndGlobalSection
	GlobalSection(ExtensibilityGlobals) = postSolution
		SolutionGuid = {DAFCB780-0F36-4FB3-9B1F-C08D13A41792}
	EndGlobalSection
EndGlobal
